
Microsoft Visual Studio Solution File, Format Version 12.00
# Visual Studio Version 17
VisualStudioVersion = 17.5.33414.496
MinimumVisualStudioVersion = 10.0.40219.1
Project("{FAE04EC0-301F-11D3-BF4B-00C04F79EFBC}") = "ConsoleApp12", "ConsoleApp12.csproj", "{6DD38237-ED34-4050-8D61-3ED4398E702B}"
EndProject
Global
	GlobalSection(SolutionConfigurationPlatforms) = preSolution
		Debug|Any CPU = Debug|Any CPU
		Release|Any CPU = Release|Any CPU
	EndGlobalSection
	GlobalSection(ProjectConfigurationPlatforms) = postSolution
		{6DD38237-ED34-4050-8D61-3ED4398E702B}.Debug|Any CPU.ActiveCfg = Debug|Any CPU
		{6DD38237-ED34-4050-8D61-3ED4398E702B}.Debug|Any CPU.Build.0 = Debug|Any CPU
		{6DD38237-ED34-4050-8D61-3ED4398E702B}.Release|Any CPU.ActiveCfg = Release|Any CPU
		{6DD38237-ED34-4050-8D61-3ED4398E702B}.Release|Any CPU.Build.0 = Release|Any CPU
	EndGlobalSection
	GlobalSection(SolutionProperties) = preSolution
		HideSolutionNode = FALSE
	EndGlobalSection
	GlobalSection(ExtensibilityGlobals) = postSolution
		SolutionGuid = {1F94DC96-12B3-4563-8AAB-D0F0896DD5CA}
	EndGlobalSection
EndGlobal
