
Microsoft Visual Studio Solution File, Format Version 12.00
# Visual Studio Version 17
VisualStudioVersion = 17.7.34202.233
MinimumVisualStudioVersion = 10.0.40219.1
Project("{FAE04EC0-301F-11D3-BF4B-00C04F79EFBC}") = "ConsoleApp13", "ConsoleApp13.csproj", "{AB835BC8-8638-4BDE-9E82-70D572778B16}"
EndProject
Global
	GlobalSection(SolutionConfigurationPlatforms) = preSolution
		Debug|Any CPU = Debug|Any CPU
		Release|Any CPU = Release|Any CPU
	EndGlobalSection
	GlobalSection(ProjectConfigurationPlatforms) = postSolution
		{AB835BC8-8638-4BDE-9E82-70D572778B16}.Debug|Any CPU.ActiveCfg = Debug|Any CPU
		{AB835BC8-8638-4BDE-9E82-70D572778B16}.Debug|Any CPU.Build.0 = Debug|Any CPU
		{AB835BC8-8638-4BDE-9E82-70D572778B16}.Release|Any CPU.ActiveCfg = Release|Any CPU
		{AB835BC8-8638-4BDE-9E82-70D572778B16}.Release|Any CPU.Build.0 = Release|Any CPU
	EndGlobalSection
	GlobalSection(SolutionProperties) = preSolution
		HideSolutionNode = FALSE
	EndGlobalSection
	GlobalSection(ExtensibilityGlobals) = postSolution
		SolutionGuid = {555C5FA9-6A49-4071-BE0F-102CAD08B46D}
	EndGlobalSection
EndGlobal
